// !$*UTF8*$!
{
	archiveVersion = 1;
	classes = {
	};
	objectVersion = 46;
	objects = {

/* Begin PBXBuildFile section */
		4E298D881D307A3600C71B99 /* sample.plist in Resources */ = {isa = PBXBuildFile; fileRef = 4E298D871D307A3600C71B99 /* sample.plist */; };
		4E8844B11D30923E00580AB4 /* HomeListTableViewCell.swift in Sources */ = {isa = PBXBuildFile; fileRef = 4E8844B01D30923E00580AB4 /* HomeListTableViewCell.swift */; };
		4E8844B31D3092DE00580AB4 /* FilterTableVC.swift in Sources */ = {isa = PBXBuildFile; fileRef = 4E8844B21D3092DE00580AB4 /* FilterTableVC.swift */; };
		4EC028BA1D30443700ED6338 /* AppDelegate.swift in Sources */ = {isa = PBXBuildFile; fileRef = 4EC028B91D30443700ED6338 /* AppDelegate.swift */; };
		4EC028BC1D30443800ED6338 /* ViewController.swift in Sources */ = {isa = PBXBuildFile; fileRef = 4EC028BB1D30443800ED6338 /* ViewController.swift */; };
		4EC028BF1D30443800ED6338 /* Main.storyboard in Resources */ = {isa = PBXBuildFile; fileRef = 4EC028BD1D30443800ED6338 /* Main.storyboard */; };
		4EC028C11D30443800ED6338 /* Assets.xcassets in Resources */ = {isa = PBXBuildFile; fileRef = 4EC028C01D30443800ED6338 /* Assets.xcassets */; };
		4EC028C41D30443800ED6338 /* LaunchScreen.storyboard in Resources */ = {isa = PBXBuildFile; fileRef = 4EC028C21D30443800ED6338 /* LaunchScreen.storyboard */; };
		4EC028CF1D30443800ED6338 /* Realtor_AppTests.swift in Sources */ = {isa = PBXBuildFile; fileRef = 4EC028CE1D30443800ED6338 /* Realtor_AppTests.swift */; };
		4EC028DA1D30443800ED6338 /* Realtor_AppUITests.swift in Sources */ = {isa = PBXBuildFile; fileRef = 4EC028D91D30443800ED6338 /* Realtor_AppUITests.swift */; };
		4EC028E81D304AAF00ED6338 /* HomeListVC.swift in Sources */ = {isa = PBXBuildFile; fileRef = 4EC028E71D304AAF00ED6338 /* HomeListVC.swift */; };
		4EC028EA1D304ABF00ED6338 /* SummaryVC.swift in Sources */ = {isa = PBXBuildFile; fileRef = 4EC028E91D304ABF00ED6338 /* SummaryVC.swift */; };
		4EC028ED1D304DD500ED6338 /* CoreDataStack.swift in Sources */ = {isa = PBXBuildFile; fileRef = 4EC028EC1D304DD500ED6338 /* CoreDataStack.swift */; };
		4EC028F01D304E1C00ED6338 /* Home Report.xcdatamodeld in Sources */ = {isa = PBXBuildFile; fileRef = 4EC028EE1D304E1C00ED6338 /* Home Report.xcdatamodeld */; };
		4EC0290A1D3067E800ED6338 /* Location+CoreDataProperties.swift in Sources */ = {isa = PBXBuildFile; fileRef = 4EC029021D3067E800ED6338 /* Location+CoreDataProperties.swift */; };
		4EC0290B1D3067E800ED6338 /* Location.swift in Sources */ = {isa = PBXBuildFile; fileRef = 4EC029031D3067E800ED6338 /* Location.swift */; };
		4EC0290C1D3067E800ED6338 /* Category+CoreDataProperties.swift in Sources */ = {isa = PBXBuildFile; fileRef = 4EC029041D3067E800ED6338 /* Category+CoreDataProperties.swift */; };
		4EC0290D1D3067E800ED6338 /* Category.swift in Sources */ = {isa = PBXBuildFile; fileRef = 4EC029051D3067E800ED6338 /* Category.swift */; };
		4EC0290E1D3067E800ED6338 /* Status+CoreDataProperties.swift in Sources */ = {isa = PBXBuildFile; fileRef = 4EC029061D3067E800ED6338 /* Status+CoreDataProperties.swift */; };
		4EC0290F1D3067E800ED6338 /* Status.swift in Sources */ = {isa = PBXBuildFile; fileRef = 4EC029071D3067E800ED6338 /* Status.swift */; };
		4EC029101D3067E800ED6338 /* Home+CoreDataProperties.swift in Sources */ = {isa = PBXBuildFile; fileRef = 4EC029081D3067E800ED6338 /* Home+CoreDataProperties.swift */; };
		4EC029111D3067E800ED6338 /* Home.swift in Sources */ = {isa = PBXBuildFile; fileRef = 4EC029091D3067E800ED6338 /* Home.swift */; };
		4EC0292A1D306A4E00ED6338 /* 1075000.jpg in Resources */ = {isa = PBXBuildFile; fileRef = 4EC029131D306A4E00ED6338 /* 1075000.jpg */; };
		4EC0292B1D306A4E00ED6338 /* 1290000.jpg in Resources */ = {isa = PBXBuildFile; fileRef = 4EC029141D306A4E00ED6338 /* 1290000.jpg */; };
		4EC0292C1D306A4E00ED6338 /* 165000.jpg in Resources */ = {isa = PBXBuildFile; fileRef = 4EC029151D306A4E00ED6338 /* 165000.jpg */; };
		4EC0292D1D306A4E00ED6338 /* 1660000.jpg in Resources */ = {isa = PBXBuildFile; fileRef = 4EC029161D306A4E00ED6338 /* 1660000.jpg */; };
		4EC0292E1D306A4E00ED6338 /* 1698000.jpg in Resources */ = {isa = PBXBuildFile; fileRef = 4EC029171D306A4E00ED6338 /* 1698000.jpg */; };
		4EC0292F1D306A4E00ED6338 /* 189900.jpg in Resources */ = {isa = PBXBuildFile; fileRef = 4EC029181D306A4E00ED6338 /* 189900.jpg */; };
		4EC029301D306A4E00ED6338 /* 236200.jpg in Resources */ = {isa = PBXBuildFile; fileRef = 4EC029191D306A4E00ED6338 /* 236200.jpg */; };
		4EC029311D306A4E00ED6338 /* 247500.jpg in Resources */ = {isa = PBXBuildFile; fileRef = 4EC0291A1D306A4E00ED6338 /* 247500.jpg */; };
		4EC029321D306A4E00ED6338 /* 285000.jpg in Resources */ = {isa = PBXBuildFile; fileRef = 4EC0291B1D306A4E00ED6338 /* 285000.jpg */; };
		4EC029331D306A4E00ED6338 /* 289000.jpg in Resources */ = {isa = PBXBuildFile; fileRef = 4EC0291C1D306A4E00ED6338 /* 289000.jpg */; };
		4EC029341D306A4E00ED6338 /* 295000.jpg in Resources */ = {isa = PBXBuildFile; fileRef = 4EC0291D1D306A4E00ED6338 /* 295000.jpg */; };
		4EC029351D306A4E00ED6338 /* 325000.jpg in Resources */ = {isa = PBXBuildFile; fileRef = 4EC0291E1D306A4E00ED6338 /* 325000.jpg */; };
		4EC029361D306A4E00ED6338 /* 430000.jpg in Resources */ = {isa = PBXBuildFile; fileRef = 4EC0291F1D306A4E00ED6338 /* 430000.jpg */; };
		4EC029371D306A4E00ED6338 /* 575000.jpg in Resources */ = {isa = PBXBuildFile; fileRef = 4EC029201D306A4E00ED6338 /* 575000.jpg */; };
		4EC029381D306A4E00ED6338 /* 763000.jpg in Resources */ = {isa = PBXBuildFile; fileRef = 4EC029211D306A4E00ED6338 /* 763000.jpg */; };
		4EC029391D306A4E00ED6338 /* 787500.jpg in Resources */ = {isa = PBXBuildFile; fileRef = 4EC029221D306A4E00ED6338 /* 787500.jpg */; };
		4EC0293A1D306A4E00ED6338 /* 813000.jpg in Resources */ = {isa = PBXBuildFile; fileRef = 4EC029231D306A4E00ED6338 /* 813000.jpg */; };
		4EC0293B1D306A4E00ED6338 /* 880000.jpg in Resources */ = {isa = PBXBuildFile; fileRef = 4EC029241D306A4E00ED6338 /* 880000.jpg */; };
		4EC0293C1D306A4E00ED6338 /* 889000.jpg in Resources */ = {isa = PBXBuildFile; fileRef = 4EC029251D306A4E00ED6338 /* 889000.jpg */; };
		4EC0293D1D306A4E00ED6338 /* 900000.jpg in Resources */ = {isa = PBXBuildFile; fileRef = 4EC029261D306A4E00ED6338 /* 900000.jpg */; };
		4EC0293E1D306A4E00ED6338 /* 965000.jpg in Resources */ = {isa = PBXBuildFile; fileRef = 4EC029271D306A4E00ED6338 /* 965000.jpg */; };
		4EC0293F1D306A4E00ED6338 /* 975000.jpg in Resources */ = {isa = PBXBuildFile; fileRef = 4EC029281D306A4E00ED6338 /* 975000.jpg */; };
		4EC029401D306A4E00ED6338 /* sample.json in Resources */ = {isa = PBXBuildFile; fileRef = 4EC029291D306A4E00ED6338 /* sample.json */; };
/* End PBXBuildFile section */

/* Begin PBXContainerItemProxy section */
		4EC028CB1D30443800ED6338 /* PBXContainerItemProxy */ = {
			isa = PBXContainerItemProxy;
			containerPortal = 4EC028AE1D30443700ED6338 /* Project object */;
			proxyType = 1;
			remoteGlobalIDString = 4EC028B51D30443700ED6338;
			remoteInfo = "Realtor-App";
		};
		4EC028D61D30443800ED6338 /* PBXContainerItemProxy */ = {
			isa = PBXContainerItemProxy;
			containerPortal = 4EC028AE1D30443700ED6338 /* Project object */;
			proxyType = 1;
			remoteGlobalIDString = 4EC028B51D30443700ED6338;
			remoteInfo = "Realtor-App";
		};
/* End PBXContainerItemProxy section */

/* Begin PBXFileReference section */
		4E298D871D307A3600C71B99 /* sample.plist */ = {isa = PBXFileReference; fileEncoding = 4; lastKnownFileType = text.plist.xml; path = sample.plist; sourceTree = "<group>"; };
		4E8844B01D30923E00580AB4 /* HomeListTableViewCell.swift */ = {isa = PBXFileReference; fileEncoding = 4; lastKnownFileType = sourcecode.swift; path = HomeListTableViewCell.swift; sourceTree = "<group>"; };
		4E8844B21D3092DE00580AB4 /* FilterTableVC.swift */ = {isa = PBXFileReference; fileEncoding = 4; lastKnownFileType = sourcecode.swift; path = FilterTableVC.swift; sourceTree = "<group>"; };
		4EC028B61D30443700ED6338 /* Realtor-App.app */ = {isa = PBXFileReference; explicitFileType = wrapper.application; includeInIndex = 0; path = "Realtor-App.app"; sourceTree = BUILT_PRODUCTS_DIR; };
		4EC028B91D30443700ED6338 /* AppDelegate.swift */ = {isa = PBXFileReference; lastKnownFileType = sourcecode.swift; path = AppDelegate.swift; sourceTree = "<group>"; };
		4EC028BB1D30443800ED6338 /* ViewController.swift */ = {isa = PBXFileReference; lastKnownFileType = sourcecode.swift; path = ViewController.swift; sourceTree = "<group>"; };
		4EC028BE1D30443800ED6338 /* Base */ = {isa = PBXFileReference; lastKnownFileType = file.storyboard; name = Base; path = Base.lproj/Main.storyboard; sourceTree = "<group>"; };
		4EC028C01D30443800ED6338 /* Assets.xcassets */ = {isa = PBXFileReference; lastKnownFileType = folder.assetcatalog; path = Assets.xcassets; sourceTree = "<group>"; };
		4EC028C31D30443800ED6338 /* Base */ = {isa = PBXFileReference; lastKnownFileType = file.storyboard; name = Base; path = Base.lproj/LaunchScreen.storyboard; sourceTree = "<group>"; };
		4EC028C51D30443800ED6338 /* Info.plist */ = {isa = PBXFileReference; lastKnownFileType = text.plist.xml; path = Info.plist; sourceTree = "<group>"; };
		4EC028CA1D30443800ED6338 /* Realtor-AppTests.xctest */ = {isa = PBXFileReference; explicitFileType = wrapper.cfbundle; includeInIndex = 0; path = "Realtor-AppTests.xctest"; sourceTree = BUILT_PRODUCTS_DIR; };
		4EC028CE1D30443800ED6338 /* Realtor_AppTests.swift */ = {isa = PBXFileReference; lastKnownFileType = sourcecode.swift; path = Realtor_AppTests.swift; sourceTree = "<group>"; };
		4EC028D01D30443800ED6338 /* Info.plist */ = {isa = PBXFileReference; lastKnownFileType = text.plist.xml; path = Info.plist; sourceTree = "<group>"; };
		4EC028D51D30443800ED6338 /* Realtor-AppUITests.xctest */ = {isa = PBXFileReference; explicitFileType = wrapper.cfbundle; includeInIndex = 0; path = "Realtor-AppUITests.xctest"; sourceTree = BUILT_PRODUCTS_DIR; };
		4EC028D91D30443800ED6338 /* Realtor_AppUITests.swift */ = {isa = PBXFileReference; lastKnownFileType = sourcecode.swift; path = Realtor_AppUITests.swift; sourceTree = "<group>"; };
		4EC028DB1D30443800ED6338 /* Info.plist */ = {isa = PBXFileReference; lastKnownFileType = text.plist.xml; path = Info.plist; sourceTree = "<group>"; };
		4EC028E71D304AAF00ED6338 /* HomeListVC.swift */ = {isa = PBXFileReference; fileEncoding = 4; lastKnownFileType = sourcecode.swift; path = HomeListVC.swift; sourceTree = "<group>"; };
		4EC028E91D304ABF00ED6338 /* SummaryVC.swift */ = {isa = PBXFileReference; fileEncoding = 4; lastKnownFileType = sourcecode.swift; path = SummaryVC.swift; sourceTree = "<group>"; };
		4EC028EC1D304DD500ED6338 /* CoreDataStack.swift */ = {isa = PBXFileReference; fileEncoding = 4; lastKnownFileType = sourcecode.swift; path = CoreDataStack.swift; sourceTree = "<group>"; };
		4EC028EF1D304E1C00ED6338 /* Home Report.xcdatamodel */ = {isa = PBXFileReference; lastKnownFileType = wrapper.xcdatamodel; path = "Home Report.xcdatamodel"; sourceTree = "<group>"; };
		4EC029021D3067E800ED6338 /* Location+CoreDataProperties.swift */ = {isa = PBXFileReference; fileEncoding = 4; lastKnownFileType = sourcecode.swift; name = "Location+CoreDataProperties.swift"; path = "../Location+CoreDataProperties.swift"; sourceTree = "<group>"; };
		4EC029031D3067E800ED6338 /* Location.swift */ = {isa = PBXFileReference; fileEncoding = 4; lastKnownFileType = sourcecode.swift; name = Location.swift; path = ../Location.swift; sourceTree = "<group>"; };
		4EC029041D3067E800ED6338 /* Category+CoreDataProperties.swift */ = {isa = PBXFileReference; fileEncoding = 4; lastKnownFileType = sourcecode.swift; name = "Category+CoreDataProperties.swift"; path = "../Category+CoreDataProperties.swift"; sourceTree = "<group>"; };
		4EC029051D3067E800ED6338 /* Category.swift */ = {isa = PBXFileReference; fileEncoding = 4; lastKnownFileType = sourcecode.swift; name = Category.swift; path = ../Category.swift; sourceTree = "<group>"; };
		4EC029061D3067E800ED6338 /* Status+CoreDataProperties.swift */ = {isa = PBXFileReference; fileEncoding = 4; lastKnownFileType = sourcecode.swift; name = "Status+CoreDataProperties.swift"; path = "../Status+CoreDataProperties.swift"; sourceTree = "<group>"; };
		4EC029071D3067E800ED6338 /* Status.swift */ = {isa = PBXFileReference; fileEncoding = 4; lastKnownFileType = sourcecode.swift; name = Status.swift; path = ../Status.swift; sourceTree = "<group>"; };
		4EC029081D3067E800ED6338 /* Home+CoreDataProperties.swift */ = {isa = PBXFileReference; fileEncoding = 4; lastKnownFileType = sourcecode.swift; name = "Home+CoreDataProperties.swift"; path = "../Home+CoreDataProperties.swift"; sourceTree = "<group>"; };
		4EC029091D3067E800ED6338 /* Home.swift */ = {isa = PBXFileReference; fileEncoding = 4; lastKnownFileType = sourcecode.swift; name = Home.swift; path = ../Home.swift; sourceTree = "<group>"; };
		4EC029131D306A4E00ED6338 /* 1075000.jpg */ = {isa = PBXFileReference; lastKnownFileType = image.jpeg; path = 1075000.jpg; sourceTree = "<group>"; };
		4EC029141D306A4E00ED6338 /* 1290000.jpg */ = {isa = PBXFileReference; lastKnownFileType = image.jpeg; path = 1290000.jpg; sourceTree = "<group>"; };
		4EC029151D306A4E00ED6338 /* 165000.jpg */ = {isa = PBXFileReference; lastKnownFileType = image.jpeg; path = 165000.jpg; sourceTree = "<group>"; };
		4EC029161D306A4E00ED6338 /* 1660000.jpg */ = {isa = PBXFileReference; lastKnownFileType = image.jpeg; path = 1660000.jpg; sourceTree = "<group>"; };
		4EC029171D306A4E00ED6338 /* 1698000.jpg */ = {isa = PBXFileReference; lastKnownFileType = image.jpeg; path = 1698000.jpg; sourceTree = "<group>"; };
		4EC029181D306A4E00ED6338 /* 189900.jpg */ = {isa = PBXFileReference; lastKnownFileType = image.jpeg; path = 189900.jpg; sourceTree = "<group>"; };
		4EC029191D306A4E00ED6338 /* 236200.jpg */ = {isa = PBXFileReference; lastKnownFileType = image.jpeg; path = 236200.jpg; sourceTree = "<group>"; };
		4EC0291A1D306A4E00ED6338 /* 247500.jpg */ = {isa = PBXFileReference; lastKnownFileType = image.jpeg; path = 247500.jpg; sourceTree = "<group>"; };
		4EC0291B1D306A4E00ED6338 /* 285000.jpg */ = {isa = PBXFileReference; lastKnownFileType = image.jpeg; path = 285000.jpg; sourceTree = "<group>"; };
		4EC0291C1D306A4E00ED6338 /* 289000.jpg */ = {isa = PBXFileReference; lastKnownFileType = image.jpeg; path = 289000.jpg; sourceTree = "<group>"; };
		4EC0291D1D306A4E00ED6338 /* 295000.jpg */ = {isa = PBXFileReference; lastKnownFileType = image.jpeg; path = 295000.jpg; sourceTree = "<group>"; };
		4EC0291E1D306A4E00ED6338 /* 325000.jpg */ = {isa = PBXFileReference; lastKnownFileType = image.jpeg; path = 325000.jpg; sourceTree = "<group>"; };
		4EC0291F1D306A4E00ED6338 /* 430000.jpg */ = {isa = PBXFileReference; lastKnownFileType = image.jpeg; path = 430000.jpg; sourceTree = "<group>"; };
		4EC029201D306A4E00ED6338 /* 575000.jpg */ = {isa = PBXFileReference; lastKnownFileType = image.jpeg; path = 575000.jpg; sourceTree = "<group>"; };
		4EC029211D306A4E00ED6338 /* 763000.jpg */ = {isa = PBXFileReference; lastKnownFileType = image.jpeg; path = 763000.jpg; sourceTree = "<group>"; };
		4EC029221D306A4E00ED6338 /* 787500.jpg */ = {isa = PBXFileReference; lastKnownFileType = image.jpeg; path = 787500.jpg; sourceTree = "<group>"; };
		4EC029231D306A4E00ED6338 /* 813000.jpg */ = {isa = PBXFileReference; lastKnownFileType = image.jpeg; path = 813000.jpg; sourceTree = "<group>"; };
		4EC029241D306A4E00ED6338 /* 880000.jpg */ = {isa = PBXFileReference; lastKnownFileType = image.jpeg; path = 880000.jpg; sourceTree = "<group>"; };
		4EC029251D306A4E00ED6338 /* 889000.jpg */ = {isa = PBXFileReference; lastKnownFileType = image.jpeg; path = 889000.jpg; sourceTree = "<group>"; };
		4EC029261D306A4E00ED6338 /* 900000.jpg */ = {isa = PBXFileReference; lastKnownFileType = image.jpeg; path = 900000.jpg; sourceTree = "<group>"; };
		4EC029271D306A4E00ED6338 /* 965000.jpg */ = {isa = PBXFileReference; lastKnownFileType = image.jpeg; path = 965000.jpg; sourceTree = "<group>"; };
		4EC029281D306A4E00ED6338 /* 975000.jpg */ = {isa = PBXFileReference; lastKnownFileType = image.jpeg; path = 975000.jpg; sourceTree = "<group>"; };
		4EC029291D306A4E00ED6338 /* sample.json */ = {isa = PBXFileReference; fileEncoding = 4; lastKnownFileType = text.json; path = sample.json; sourceTree = "<group>"; };
/* End PBXFileReference section */

/* Begin PBXFrameworksBuildPhase section */
		4EC028B31D30443700ED6338 /* Frameworks */ = {
			isa = PBXFrameworksBuildPhase;
			buildActionMask = 2147483647;
			files = (
			);
			runOnlyForDeploymentPostprocessing = 0;
		};
		4EC028C71D30443800ED6338 /* Frameworks */ = {
			isa = PBXFrameworksBuildPhase;
			buildActionMask = 2147483647;
			files = (
			);
			runOnlyForDeploymentPostprocessing = 0;
		};
		4EC028D21D30443800ED6338 /* Frameworks */ = {
			isa = PBXFrameworksBuildPhase;
			buildActionMask = 2147483647;
			files = (
			);
			runOnlyForDeploymentPostprocessing = 0;
		};
/* End PBXFrameworksBuildPhase section */

/* Begin PBXGroup section */
		4E8844AF1D30920F00580AB4 /* View */ = {
			isa = PBXGroup;
			children = (
				4E8844B01D30923E00580AB4 /* HomeListTableViewCell.swift */,
			);
			name = View;
			sourceTree = "<group>";
		};
		4EC028AD1D30443700ED6338 = {
			isa = PBXGroup;
			children = (
				4EC028B81D30443700ED6338 /* Realtor-App */,
				4EC028CD1D30443800ED6338 /* Realtor-AppTests */,
				4EC028D81D30443800ED6338 /* Realtor-AppUITests */,
				4EC028B71D30443700ED6338 /* Products */,
			);
			sourceTree = "<group>";
		};
		4EC028B71D30443700ED6338 /* Products */ = {
			isa = PBXGroup;
			children = (
				4EC028B61D30443700ED6338 /* Realtor-App.app */,
				4EC028CA1D30443800ED6338 /* Realtor-AppTests.xctest */,
				4EC028D51D30443800ED6338 /* Realtor-AppUITests.xctest */,
			);
			name = Products;
			sourceTree = "<group>";
		};
		4EC028B81D30443700ED6338 /* Realtor-App */ = {
			isa = PBXGroup;
			children = (
				4EC028B91D30443700ED6338 /* AppDelegate.swift */,
				4E8844AF1D30920F00580AB4 /* View */,
				4EC029411D306B7300ED6338 /* Assets */,
				4EC029121D306A4E00ED6338 /* images */,
				4EC029011D3065E700ED6338 /* Model */,
				4EC028EB1D304AC500ED6338 /* Controller */,
				4EC028BB1D30443800ED6338 /* ViewController.swift */,
				4EC028C21D30443800ED6338 /* LaunchScreen.storyboard */,
				4EC028C51D30443800ED6338 /* Info.plist */,
				4EC028EC1D304DD500ED6338 /* CoreDataStack.swift */,
			);
			path = "Realtor-App";
			sourceTree = "<group>";
		};
		4EC028CD1D30443800ED6338 /* Realtor-AppTests */ = {
			isa = PBXGroup;
			children = (
				4EC028CE1D30443800ED6338 /* Realtor_AppTests.swift */,
				4EC028D01D30443800ED6338 /* Info.plist */,
			);
			path = "Realtor-AppTests";
			sourceTree = "<group>";
		};
		4EC028D81D30443800ED6338 /* Realtor-AppUITests */ = {
			isa = PBXGroup;
			children = (
				4EC028D91D30443800ED6338 /* Realtor_AppUITests.swift */,
				4EC028DB1D30443800ED6338 /* Info.plist */,
			);
			path = "Realtor-AppUITests";
			sourceTree = "<group>";
		};
		4EC028EB1D304AC500ED6338 /* Controller */ = {
			isa = PBXGroup;
			children = (
				4EC028E71D304AAF00ED6338 /* HomeListVC.swift */,
				4EC028E91D304ABF00ED6338 /* SummaryVC.swift */,
				4E8844B21D3092DE00580AB4 /* FilterTableVC.swift */,
			);
			name = Controller;
			sourceTree = "<group>";
		};
		4EC029011D3065E700ED6338 /* Model */ = {
			isa = PBXGroup;
			children = (
				4EC028EE1D304E1C00ED6338 /* Home Report.xcdatamodeld */,
				4EC029021D3067E800ED6338 /* Location+CoreDataProperties.swift */,
				4EC029031D3067E800ED6338 /* Location.swift */,
				4EC029041D3067E800ED6338 /* Category+CoreDataProperties.swift */,
				4EC029051D3067E800ED6338 /* Category.swift */,
				4EC029061D3067E800ED6338 /* Status+CoreDataProperties.swift */,
				4EC029071D3067E800ED6338 /* Status.swift */,
				4EC029081D3067E800ED6338 /* Home+CoreDataProperties.swift */,
				4EC029091D3067E800ED6338 /* Home.swift */,
			);
			name = Model;
			sourceTree = "<group>";
		};
		4EC029121D306A4E00ED6338 /* images */ = {
			isa = PBXGroup;
			children = (
				4EC029131D306A4E00ED6338 /* 1075000.jpg */,
				4EC029141D306A4E00ED6338 /* 1290000.jpg */,
				4EC029151D306A4E00ED6338 /* 165000.jpg */,
				4EC029161D306A4E00ED6338 /* 1660000.jpg */,
				4EC029171D306A4E00ED6338 /* 1698000.jpg */,
				4EC029181D306A4E00ED6338 /* 189900.jpg */,
				4EC029191D306A4E00ED6338 /* 236200.jpg */,
				4EC0291A1D306A4E00ED6338 /* 247500.jpg */,
				4EC0291B1D306A4E00ED6338 /* 285000.jpg */,
				4EC0291C1D306A4E00ED6338 /* 289000.jpg */,
				4EC0291D1D306A4E00ED6338 /* 295000.jpg */,
				4EC0291E1D306A4E00ED6338 /* 325000.jpg */,
				4EC0291F1D306A4E00ED6338 /* 430000.jpg */,
				4EC029201D306A4E00ED6338 /* 575000.jpg */,
				4EC029211D306A4E00ED6338 /* 763000.jpg */,
				4EC029221D306A4E00ED6338 /* 787500.jpg */,
				4EC029231D306A4E00ED6338 /* 813000.jpg */,
				4EC029241D306A4E00ED6338 /* 880000.jpg */,
				4EC029251D306A4E00ED6338 /* 889000.jpg */,
				4EC029261D306A4E00ED6338 /* 900000.jpg */,
				4EC029271D306A4E00ED6338 /* 965000.jpg */,
				4EC029281D306A4E00ED6338 /* 975000.jpg */,
			);
			path = images;
			sourceTree = "<group>";
		};
		4EC029411D306B7300ED6338 /* Assets */ = {
			isa = PBXGroup;
			children = (
				4EC028BD1D30443800ED6338 /* Main.storyboard */,
				4EC028C01D30443800ED6338 /* Assets.xcassets */,
				4EC029291D306A4E00ED6338 /* sample.json */,
				4E298D871D307A3600C71B99 /* sample.plist */,
			);
			name = Assets;
			sourceTree = "<group>";
		};
/* End PBXGroup section */

/* Begin PBXNativeTarget section */
		4EC028B51D30443700ED6338 /* Realtor-App */ = {
			isa = PBXNativeTarget;
			buildConfigurationList = 4EC028DE1D30443800ED6338 /* Build configuration list for PBXNativeTarget "Realtor-App" */;
			buildPhases = (
				4EC028B21D30443700ED6338 /* Sources */,
				4EC028B31D30443700ED6338 /* Frameworks */,
				4EC028B41D30443700ED6338 /* Resources */,
			);
			buildRules = (
			);
			dependencies = (
			);
			name = "Realtor-App";
			productName = "Realtor-App";
			productReference = 4EC028B61D30443700ED6338 /* Realtor-App.app */;
			productType = "com.apple.product-type.application";
		};
		4EC028C91D30443800ED6338 /* Realtor-AppTests */ = {
			isa = PBXNativeTarget;
			buildConfigurationList = 4EC028E11D30443800ED6338 /* Build configuration list for PBXNativeTarget "Realtor-AppTests" */;
			buildPhases = (
				4EC028C61D30443800ED6338 /* Sources */,
				4EC028C71D30443800ED6338 /* Frameworks */,
				4EC028C81D30443800ED6338 /* Resources */,
			);
			buildRules = (
			);
			dependencies = (
				4EC028CC1D30443800ED6338 /* PBXTargetDependency */,
			);
			name = "Realtor-AppTests";
			productName = "Realtor-AppTests";
			productReference = 4EC028CA1D30443800ED6338 /* Realtor-AppTests.xctest */;
			productType = "com.apple.product-type.bundle.unit-test";
		};
		4EC028D41D30443800ED6338 /* Realtor-AppUITests */ = {
			isa = PBXNativeTarget;
			buildConfigurationList = 4EC028E41D30443800ED6338 /* Build configuration list for PBXNativeTarget "Realtor-AppUITests" */;
			buildPhases = (
				4EC028D11D30443800ED6338 /* Sources */,
				4EC028D21D30443800ED6338 /* Frameworks */,
				4EC028D31D30443800ED6338 /* Resources */,
			);
			buildRules = (
			);
			dependencies = (
				4EC028D71D30443800ED6338 /* PBXTargetDependency */,
			);
			name = "Realtor-AppUITests";
			productName = "Realtor-AppUITests";
			productReference = 4EC028D51D30443800ED6338 /* Realtor-AppUITests.xctest */;
			productType = "com.apple.product-type.bundle.ui-testing";
		};
/* End PBXNativeTarget section */

/* Begin PBXProject section */
		4EC028AE1D30443700ED6338 /* Project object */ = {
			isa = PBXProject;
			attributes = {
				LastSwiftUpdateCheck = 0730;
				LastUpgradeCheck = 0730;
				ORGANIZATIONNAME = "Daniel J Janiak";
				TargetAttributes = {
					4EC028B51D30443700ED6338 = {
						CreatedOnToolsVersion = 7.3.1;
						DevelopmentTeam = C66PLD3WQ6;
					};
					4EC028C91D30443800ED6338 = {
						CreatedOnToolsVersion = 7.3.1;
						DevelopmentTeam = C66PLD3WQ6;
						TestTargetID = 4EC028B51D30443700ED6338;
					};
					4EC028D41D30443800ED6338 = {
						CreatedOnToolsVersion = 7.3.1;
						DevelopmentTeam = C66PLD3WQ6;
						TestTargetID = 4EC028B51D30443700ED6338;
					};
				};
			};
			buildConfigurationList = 4EC028B11D30443700ED6338 /* Build configuration list for PBXProject "Realtor-App" */;
			compatibilityVersion = "Xcode 3.2";
			developmentRegion = English;
			hasScannedForEncodings = 0;
			knownRegions = (
				en,
				Base,
			);
			mainGroup = 4EC028AD1D30443700ED6338;
			productRefGroup = 4EC028B71D30443700ED6338 /* Products */;
			projectDirPath = "";
			projectRoot = "";
			targets = (
				4EC028B51D30443700ED6338 /* Realtor-App */,
				4EC028C91D30443800ED6338 /* Realtor-AppTests */,
				4EC028D41D30443800ED6338 /* Realtor-AppUITests */,
			);
		};
/* End PBXProject section */

/* Begin PBXResourcesBuildPhase section */
		4EC028B41D30443700ED6338 /* Resources */ = {
			isa = PBXResourcesBuildPhase;
			buildActionMask = 2147483647;
			files = (
				4EC029361D306A4E00ED6338 /* 430000.jpg in Resources */,
				4EC029381D306A4E00ED6338 /* 763000.jpg in Resources */,
				4EC029321D306A4E00ED6338 /* 285000.jpg in Resources */,
				4EC028C41D30443800ED6338 /* LaunchScreen.storyboard in Resources */,
				4EC028C11D30443800ED6338 /* Assets.xcassets in Resources */,
				4EC0293E1D306A4E00ED6338 /* 965000.jpg in Resources */,
				4EC0293F1D306A4E00ED6338 /* 975000.jpg in Resources */,
				4EC029391D306A4E00ED6338 /* 787500.jpg in Resources */,
				4EC0292E1D306A4E00ED6338 /* 1698000.jpg in Resources */,
				4EC028BF1D30443800ED6338 /* Main.storyboard in Resources */,
				4EC0293C1D306A4E00ED6338 /* 889000.jpg in Resources */,
				4EC029311D306A4E00ED6338 /* 247500.jpg in Resources */,
				4EC0293A1D306A4E00ED6338 /* 813000.jpg in Resources */,
				4EC029371D306A4E00ED6338 /* 575000.jpg in Resources */,
				4EC0292A1D306A4E00ED6338 /* 1075000.jpg in Resources */,
				4EC0293D1D306A4E00ED6338 /* 900000.jpg in Resources */,
				4EC029331D306A4E00ED6338 /* 289000.jpg in Resources */,
				4EC029401D306A4E00ED6338 /* sample.json in Resources */,
				4EC0292F1D306A4E00ED6338 /* 189900.jpg in Resources */,
				4EC0293B1D306A4E00ED6338 /* 880000.jpg in Resources */,
				4EC029351D306A4E00ED6338 /* 325000.jpg in Resources */,
				4EC029341D306A4E00ED6338 /* 295000.jpg in Resources */,
				4EC0292D1D306A4E00ED6338 /* 1660000.jpg in Resources */,
				4EC0292B1D306A4E00ED6338 /* 1290000.jpg in Resources */,
				4E298D881D307A3600C71B99 /* sample.plist in Resources */,
				4EC029301D306A4E00ED6338 /* 236200.jpg in Resources */,
				4EC0292C1D306A4E00ED6338 /* 165000.jpg in Resources */,
			);
			runOnlyForDeploymentPostprocessing = 0;
		};
		4EC028C81D30443800ED6338 /* Resources */ = {
			isa = PBXResourcesBuildPhase;
			buildActionMask = 2147483647;
			files = (
			);
			runOnlyForDeploymentPostprocessing = 0;
		};
		4EC028D31D30443800ED6338 /* Resources */ = {
			isa = PBXResourcesBuildPhase;
			buildActionMask = 2147483647;
			files = (
			);
			runOnlyForDeploymentPostprocessing = 0;
		};
/* End PBXResourcesBuildPhase section */

/* Begin PBXSourcesBuildPhase section */
		4EC028B21D30443700ED6338 /* Sources */ = {
			isa = PBXSourcesBuildPhase;
			buildActionMask = 2147483647;
			files = (
				4EC028BC1D30443800ED6338 /* ViewController.swift in Sources */,
				4EC0290D1D3067E800ED6338 /* Category.swift in Sources */,
				4EC0290C1D3067E800ED6338 /* Category+CoreDataProperties.swift in Sources */,
				4EC029101D3067E800ED6338 /* Home+CoreDataProperties.swift in Sources */,
				4EC0290A1D3067E800ED6338 /* Location+CoreDataProperties.swift in Sources */,
				4E8844B31D3092DE00580AB4 /* FilterTableVC.swift in Sources */,
				4EC0290B1D3067E800ED6338 /* Location.swift in Sources */,
				4EC029111D3067E800ED6338 /* Home.swift in Sources */,
				4EC028EA1D304ABF00ED6338 /* SummaryVC.swift in Sources */,
				4EC028BA1D30443700ED6338 /* AppDelegate.swift in Sources */,
				4EC028E81D304AAF00ED6338 /* HomeListVC.swift in Sources */,
				4EC028ED1D304DD500ED6338 /* CoreDataStack.swift in Sources */,
				4EC0290E1D3067E800ED6338 /* Status+CoreDataProperties.swift in Sources */,
				4EC028F01D304E1C00ED6338 /* Home Report.xcdatamodeld in Sources */,
				4E8844B11D30923E00580AB4 /* HomeListTableViewCell.swift in Sources */,
				4EC0290F1D3067E800ED6338 /* Status.swift in Sources */,
			);
			runOnlyForDeploymentPostprocessing = 0;
		};
		4EC028C61D30443800ED6338 /* Sources */ = {
			isa = PBXSourcesBuildPhase;
			buildActionMask = 2147483647;
			files = (
				4EC028CF1D30443800ED6338 /* Realtor_AppTests.swift in Sources */,
			);
			runOnlyForDeploymentPostprocessing = 0;
		};
		4EC028D11D30443800ED6338 /* Sources */ = {
			isa = PBXSourcesBuildPhase;
			buildActionMask = 2147483647;
			files = (
				4EC028DA1D30443800ED6338 /* Realtor_AppUITests.swift in Sources */,
			);
			runOnlyForDeploymentPostprocessing = 0;
		};
/* End PBXSourcesBuildPhase section */

/* Begin PBXTargetDependency section */
		4EC028CC1D30443800ED6338 /* PBXTargetDependency */ = {
			isa = PBXTargetDependency;
			target = 4EC028B51D30443700ED6338 /* Realtor-App */;
			targetProxy = 4EC028CB1D30443800ED6338 /* PBXContainerItemProxy */;
		};
		4EC028D71D30443800ED6338 /* PBXTargetDependency */ = {
			isa = PBXTargetDependency;
			target = 4EC028B51D30443700ED6338 /* Realtor-App */;
			targetProxy = 4EC028D61D30443800ED6338 /* PBXContainerItemProxy */;
		};
/* End PBXTargetDependency section */

/* Begin PBXVariantGroup section */
		4EC028BD1D30443800ED6338 /* Main.storyboard */ = {
			isa = PBXVariantGroup;
			children = (
				4EC028BE1D30443800ED6338 /* Base */,
			);
			name = Main.storyboard;
			sourceTree = "<group>";
		};
		4EC028C21D30443800ED6338 /* LaunchScreen.storyboard */ = {
			isa = PBXVariantGroup;
			children = (
				4EC028C31D30443800ED6338 /* Base */,
			);
			name = LaunchScreen.storyboard;
			sourceTree = "<group>";
		};
/* End PBXVariantGroup section */

/* Begin XCBuildConfiguration section */
		4EC028DC1D30443800ED6338 /* Debug */ = {
			isa = XCBuildConfiguration;
			buildSettings = {
				ALWAYS_SEARCH_USER_PATHS = NO;
				CLANG_ANALYZER_NONNULL = YES;
				CLANG_CXX_LANGUAGE_STANDARD = "gnu++0x";
				CLANG_CXX_LIBRARY = "libc++";
				CLANG_ENABLE_MODULES = YES;
				CLANG_ENABLE_OBJC_ARC = YES;
				CLANG_WARN_BOOL_CONVERSION = YES;
				CLANG_WARN_CONSTANT_CONVERSION = YES;
				CLANG_WARN_DIRECT_OBJC_ISA_USAGE = YES_ERROR;
				CLANG_WARN_EMPTY_BODY = YES;
				CLANG_WARN_ENUM_CONVERSION = YES;
				CLANG_WARN_INT_CONVERSION = YES;
				CLANG_WARN_OBJC_ROOT_CLASS = YES_ERROR;
				CLANG_WARN_UNREACHABLE_CODE = YES;
				CLANG_WARN__DUPLICATE_METHOD_MATCH = YES;
				"CODE_SIGN_IDENTITY[sdk=iphoneos*]" = "iPhone Developer";
				COPY_PHASE_STRIP = NO;
				DEBUG_INFORMATION_FORMAT = dwarf;
				ENABLE_STRICT_OBJC_MSGSEND = YES;
				ENABLE_TESTABILITY = YES;
				GCC_C_LANGUAGE_STANDARD = gnu99;
				GCC_DYNAMIC_NO_PIC = NO;
				GCC_NO_COMMON_BLOCKS = YES;
				GCC_OPTIMIZATION_LEVEL = 0;
				GCC_PREPROCESSOR_DEFINITIONS = (
					"DEBUG=1",
					"$(inherited)",
				);
				GCC_WARN_64_TO_32_BIT_CONVERSION = YES;
				GCC_WARN_ABOUT_RETURN_TYPE = YES_ERROR;
				GCC_WARN_UNDECLARED_SELECTOR = YES;
				GCC_WARN_UNINITIALIZED_AUTOS = YES_AGGRESSIVE;
				GCC_WARN_UNUSED_FUNCTION = YES;
				GCC_WARN_UNUSED_VARIABLE = YES;
				IPHONEOS_DEPLOYMENT_TARGET = 9.3;
				MTL_ENABLE_DEBUG_INFO = YES;
				ONLY_ACTIVE_ARCH = YES;
				SDKROOT = iphoneos;
				SWIFT_OPTIMIZATION_LEVEL = "-Onone";
			};
			name = Debug;
		};
		4EC028DD1D30443800ED6338 /* Release */ = {
			isa = XCBuildConfiguration;
			buildSettings = {
				ALWAYS_SEARCH_USER_PATHS = NO;
				CLANG_ANALYZER_NONNULL = YES;
				CLANG_CXX_LANGUAGE_STANDARD = "gnu++0x";
				CLANG_CXX_LIBRARY = "libc++";
				CLANG_ENABLE_MODULES = YES;
				CLANG_ENABLE_OBJC_ARC = YES;
				CLANG_WARN_BOOL_CONVERSION = YES;
				CLANG_WARN_CONSTANT_CONVERSION = YES;
				CLANG_WARN_DIRECT_OBJC_ISA_USAGE = YES_ERROR;
				CLANG_WARN_EMPTY_BODY = YES;
				CLANG_WARN_ENUM_CONVERSION = YES;
				CLANG_WARN_INT_CONVERSION = YES;
				CLANG_WARN_OBJC_ROOT_CLASS = YES_ERROR;
				CLANG_WARN_UNREACHABLE_CODE = YES;
				CLANG_WARN__DUPLICATE_METHOD_MATCH = YES;
				"CODE_SIGN_IDENTITY[sdk=iphoneos*]" = "iPhone Developer";
				COPY_PHASE_STRIP = NO;
				DEBUG_INFORMATION_FORMAT = "dwarf-with-dsym";
				ENABLE_NS_ASSERTIONS = NO;
				ENABLE_STRICT_OBJC_MSGSEND = YES;
				GCC_C_LANGUAGE_STANDARD = gnu99;
				GCC_NO_COMMON_BLOCKS = YES;
				GCC_WARN_64_TO_32_BIT_CONVERSION = YES;
				GCC_WARN_ABOUT_RETURN_TYPE = YES_ERROR;
				GCC_WARN_UNDECLARED_SELECTOR = YES;
				GCC_WARN_UNINITIALIZED_AUTOS = YES_AGGRESSIVE;
				GCC_WARN_UNUSED_FUNCTION = YES;
				GCC_WARN_UNUSED_VARIABLE = YES;
				IPHONEOS_DEPLOYMENT_TARGET = 9.3;
				MTL_ENABLE_DEBUG_INFO = NO;
				SDKROOT = iphoneos;
				VALIDATE_PRODUCT = YES;
			};
			name = Release;
		};
		4EC028DF1D30443800ED6338 /* Debug */ = {
			isa = XCBuildConfiguration;
			buildSettings = {
				ASSETCATALOG_COMPILER_APPICON_NAME = AppIcon;
				INFOPLIST_FILE = "Realtor-App/Info.plist";
				LD_RUNPATH_SEARCH_PATHS = "$(inherited) @executable_path/Frameworks";
				PRODUCT_BUNDLE_IDENTIFIER = "None0708.Realtor-App";
				PRODUCT_NAME = "$(TARGET_NAME)";
			};
			name = Debug;
		};
		4EC028E01D30443800ED6338 /* Release */ = {
			isa = XCBuildConfiguration;
			buildSettings = {
				ASSETCATALOG_COMPILER_APPICON_NAME = AppIcon;
				INFOPLIST_FILE = "Realtor-App/Info.plist";
				LD_RUNPATH_SEARCH_PATHS = "$(inherited) @executable_path/Frameworks";
				PRODUCT_BUNDLE_IDENTIFIER = "None0708.Realtor-App";
				PRODUCT_NAME = "$(TARGET_NAME)";
			};
			name = Release;
		};
		4EC028E21D30443800ED6338 /* Debug */ = {
			isa = XCBuildConfiguration;
			buildSettings = {
				BUNDLE_LOADER = "$(TEST_HOST)";
				INFOPLIST_FILE = "Realtor-AppTests/Info.plist";
				LD_RUNPATH_SEARCH_PATHS = "$(inherited) @executable_path/Frameworks @loader_path/Frameworks";
				PRODUCT_BUNDLE_IDENTIFIER = "None0708.Realtor-AppTests";
				PRODUCT_NAME = "$(TARGET_NAME)";
				TEST_HOST = "$(BUILT_PRODUCTS_DIR)/Realtor-App.app/Realtor-App";
			};
			name = Debug;
		};
		4EC028E31D30443800ED6338 /* Release */ = {
			isa = XCBuildConfiguration;
			buildSettings = {
				BUNDLE_LOADER = "$(TEST_HOST)";
				INFOPLIST_FILE = "Realtor-AppTests/Info.plist";
				LD_RUNPATH_SEARCH_PATHS = "$(inherited) @executable_path/Frameworks @loader_path/Frameworks";
				PRODUCT_BUNDLE_IDENTIFIER = "None0708.Realtor-AppTests";
				PRODUCT_NAME = "$(TARGET_NAME)";
				TEST_HOST = "$(BUILT_PRODUCTS_DIR)/Realtor-App.app/Realtor-App";
			};
			name = Release;
		};
		4EC028E51D30443800ED6338 /* Debug */ = {
			isa = XCBuildConfiguration;
			buildSettings = {
				INFOPLIST_FILE = "Realtor-AppUITests/Info.plist";
				LD_RUNPATH_SEARCH_PATHS = "$(inherited) @executable_path/Frameworks @loader_path/Frameworks";
				PRODUCT_BUNDLE_IDENTIFIER = "None0708.Realtor-AppUITests";
				PRODUCT_NAME = "$(TARGET_NAME)";
				TEST_TARGET_NAME = "Realtor-App";
			};
			name = Debug;
		};
		4EC028E61D30443800ED6338 /* Release */ = {
			isa = XCBuildConfiguration;
			buildSettings = {
				INFOPLIST_FILE = "Realtor-AppUITests/Info.plist";
				LD_RUNPATH_SEARCH_PATHS = "$(inherited) @executable_path/Frameworks @loader_path/Frameworks";
				PRODUCT_BUNDLE_IDENTIFIER = "None0708.Realtor-AppUITests";
				PRODUCT_NAME = "$(TARGET_NAME)";
				TEST_TARGET_NAME = "Realtor-App";
			};
			name = Release;
		};
/* End XCBuildConfiguration section */

/* Begin XCConfigurationList section */
		4EC028B11D30443700ED6338 /* Build configuration list for PBXProject "Realtor-App" */ = {
			isa = XCConfigurationList;
			buildConfigurations = (
				4EC028DC1D30443800ED6338 /* Debug */,
				4EC028DD1D30443800ED6338 /* Release */,
			);
			defaultConfigurationIsVisible = 0;
			defaultConfigurationName = Release;
		};
		4EC028DE1D30443800ED6338 /* Build configuration list for PBXNativeTarget "Realtor-App" */ = {
			isa = XCConfigurationList;
			buildConfigurations = (
				4EC028DF1D30443800ED6338 /* Debug */,
				4EC028E01D30443800ED6338 /* Release */,
			);
			defaultConfigurationIsVisible = 0;
			defaultConfigurationName = Release;
		};
		4EC028E11D30443800ED6338 /* Build configuration list for PBXNativeTarget "Realtor-AppTests" */ = {
			isa = XCConfigurationList;
			buildConfigurations = (
				4EC028E21D30443800ED6338 /* Debug */,
				4EC028E31D30443800ED6338 /* Release */,
			);
			defaultConfigurationIsVisible = 0;
			defaultConfigurationName = Release;
		};
		4EC028E41D30443800ED6338 /* Build configuration list for PBXNativeTarget "Realtor-AppUITests" */ = {
			isa = XCConfigurationList;
			buildConfigurations = (
				4EC028E51D30443800ED6338 /* Debug */,
				4EC028E61D30443800ED6338 /* Release */,
			);
			defaultConfigurationIsVisible = 0;
			defaultConfigurationName = Release;
		};
/* End XCConfigurationList section */

/* Begin XCVersionGroup section */
		4EC028EE1D304E1C00ED6338 /* Home Report.xcdatamodeld */ = {
			isa = XCVersionGroup;
			children = (
				4EC028EF1D304E1C00ED6338 /* Home Report.xcdatamodel */,
			);
			currentVersion = 4EC028EF1D304E1C00ED6338 /* Home Report.xcdatamodel */;
			path = "Home Report.xcdatamodeld";
			sourceTree = "<group>";
			versionGroupType = wrapper.xcdatamodel;
		};
/* End XCVersionGroup section */
	};
	rootObject = 4EC028AE1D30443700ED6338 /* Project object */;
}
